{
  "version": 4,
  "terraform_version": "1.1.9",
  "serial": 10,
  "lineage": "7e34e746-37d5-1832-fdd8-d499b31de8b2",
  "outputs": {
    "NewIP": {
      "value": "193.196.53.64",
      "type": "string"
    }
  },
  "resources": [
    {
      "mode": "data",
      "type": "openstack_images_image_v2",
      "name": "ubuntu",
      "provider": "provider[\"registry.terraform.io/terraform-provider-openstack/openstack\"]",
      "instances": [
        {
          "schema_version": 0,
          "attributes": {
            "checksum": "d273b4fb5280fcc9069cbe1bfa9634b0",
            "container_format": "bare",
            "created_at": "2020-05-06T08:04:54Z",
            "disk_format": "raw",
            "file": "/v2/images/2e170e26-3749-4326-b716-437379c9ba93/file",
            "hidden": false,
            "id": "2e170e26-3749-4326-b716-437379c9ba93",
            "member_status": null,
            "metadata": {},
            "min_disk_gb": 5,
            "min_ram_mb": 256,
            "most_recent": true,
            "name": "Ubuntu 20.04",
            "owner": "0e73357886c449e3a6eb13d513c49aa4",
            "properties": {
              "key": "value"
            },
            "protected": true,
            "region": "Mannheim",
            "schema": "/v2/schemas/image",
            "size_bytes": 2361393152,
            "size_max": null,
            "size_min": null,
            "sort_direction": "asc",
            "sort_key": "name",
            "tag": null,
            "tags": [],
            "updated_at": "2020-05-06T08:05:35Z",
            "visibility": "public"
          },
          "sensitive_attributes": []
        }
      ]
    },
    {
      "mode": "managed",
      "type": "null_resource",
      "name": "softwareconfig",
      "provider": "provider[\"registry.terraform.io/hashicorp/null\"]",
      "instances": [
        {
          "status": "tainted",
          "schema_version": 0,
          "attributes": {
            "id": "324188970121575992",
            "triggers": null
          },
          "sensitive_attributes": [],
          "private": "bnVsbA==",
          "dependencies": [
            "data.openstack_images_image_v2.ubuntu",
            "openstack_compute_instance_v2.mattermostserver"
          ]
        }
      ]
    },
    {
      "mode": "managed",
      "type": "openstack_compute_instance_v2",
      "name": "mattermostserver",
      "provider": "provider[\"registry.terraform.io/terraform-provider-openstack/openstack\"]",
      "instances": [
        {
          "schema_version": 0,
          "attributes": {
            "access_ip_v4": "193.196.53.64",
            "access_ip_v6": "[2001:7c0:2320:1:f816:3eff:fe17:ca00]",
            "admin_pass": null,
            "all_metadata": {
              "this": "if this work, that would be wonderful"
            },
            "all_tags": [],
            "availability_zone": "nova",
            "availability_zone_hints": null,
            "block_device": [],
            "config_drive": null,
            "flavor_id": "94013f91-51d4-4f29-aca6-7607cb2bed81",
            "flavor_name": "m1.small",
            "floating_ip": null,
            "force_delete": false,
            "id": "27a43545-774b-47fb-995d-710e0155f87e",
            "image_id": "2e170e26-3749-4326-b716-437379c9ba93",
            "image_name": "Ubuntu 20.04",
            "key_pair": "talpert",
            "metadata": {
              "this": "if this work, that would be wonderful"
            },
            "name": "mattermost-bots",
            "network": [
              {
                "access_network": false,
                "fixed_ip_v4": "193.196.53.64",
                "fixed_ip_v6": "[2001:7c0:2320:1:f816:3eff:fe17:ca00]",
                "floating_ip": "",
                "mac": "fa:16:3e:17:ca:00",
                "name": "public-belwue",
                "port": "",
                "uuid": ""
              }
            ],
            "network_mode": null,
            "personality": [],
            "power_state": "active",
            "region": "Mannheim",
            "scheduler_hints": [],
            "security_groups": [
              "default",
              "mattermost-bots"
            ],
            "stop_before_destroy": false,
            "tags": null,
            "timeouts": null,
            "user_data": null,
            "vendor_options": [],
            "volume": []
          },
          "sensitive_attributes": [],
          "private": "eyJlMmJmYjczMC1lY2FhLTExZTYtOGY4OC0zNDM2M2JjN2M0YzAiOnsiY3JlYXRlIjoxODAwMDAwMDAwMDAwLCJkZWxldGUiOjE4MDAwMDAwMDAwMDAsInVwZGF0ZSI6MTgwMDAwMDAwMDAwMH19",
          "dependencies": [
            "data.openstack_images_image_v2.ubuntu"
          ]
        }
      ]
    },
    {
      "mode": "managed",
      "type": "openstack_networking_secgroup_rule_v2",
      "name": "mattermost-bot-api",
      "provider": "provider[\"registry.terraform.io/terraform-provider-openstack/openstack\"]",
      "instances": [
        {
          "schema_version": 0,
          "attributes": {
            "description": "Ingress api traffic allowed from the World",
            "direction": "ingress",
            "ethertype": "IPv4",
            "id": "6738fed4-a1e0-4c2f-affb-6c290e6a461b",
            "port_range_max": 8080,
            "port_range_min": 8080,
            "protocol": "tcp",
            "region": "Mannheim",
            "remote_group_id": "",
            "remote_ip_prefix": "0.0.0.0/0",
            "security_group_id": "b61042dd-9585-4576-924c-adbe8a8c64a7",
            "tenant_id": "2a2d06ea68334fe7914766dd20c38ec3",
            "timeouts": null
          },
          "sensitive_attributes": [],
          "private": "eyJlMmJmYjczMC1lY2FhLTExZTYtOGY4OC0zNDM2M2JjN2M0YzAiOnsiZGVsZXRlIjo2MDAwMDAwMDAwMDB9fQ==",
          "dependencies": [
            "openstack_networking_secgroup_v2.mattermost-server"
          ]
        }
      ]
    },
    {
      "mode": "managed",
      "type": "openstack_networking_secgroup_v2",
      "name": "mattermost-server",
      "provider": "provider[\"registry.terraform.io/terraform-provider-openstack/openstack\"]",
      "instances": [
        {
          "schema_version": 0,
          "attributes": {
            "all_tags": [],
            "delete_default_rules": null,
            "description": "mattermost-bots open 8080",
            "id": "b61042dd-9585-4576-924c-adbe8a8c64a7",
            "name": "mattermost-bots",
            "region": "Mannheim",
            "tags": [],
            "tenant_id": "2a2d06ea68334fe7914766dd20c38ec3",
            "timeouts": null
          },
          "sensitive_attributes": [],
          "private": "eyJlMmJmYjczMC1lY2FhLTExZTYtOGY4OC0zNDM2M2JjN2M0YzAiOnsiZGVsZXRlIjo2MDAwMDAwMDAwMDB9fQ=="
        }
      ]
    }
  ]
}
