{
  "version": 4,
  "terraform_version": "1.1.9",
  "serial": 42,
  "lineage": "7e34e746-37d5-1832-fdd8-d499b31de8b2",
  "outputs": {},
  "resources": [
    {
      "mode": "data",
      "type": "openstack_images_image_v2",
      "name": "ubuntu",
      "provider": "provider[\"registry.terraform.io/terraform-provider-openstack/openstack\"]",
      "instances": [
        {
          "schema_version": 0,
          "attributes": {
            "checksum": "d273b4fb5280fcc9069cbe1bfa9634b0",
            "container_format": "bare",
            "created_at": "2020-05-06T08:04:54Z",
            "disk_format": "raw",
            "file": "/v2/images/2e170e26-3749-4326-b716-437379c9ba93/file",
            "hidden": false,
            "id": "2e170e26-3749-4326-b716-437379c9ba93",
            "member_status": null,
            "metadata": {},
            "min_disk_gb": 5,
            "min_ram_mb": 256,
            "most_recent": true,
            "name": "Ubuntu 20.04",
            "owner": "0e73357886c449e3a6eb13d513c49aa4",
            "properties": {
              "key": "value"
            },
            "protected": true,
            "region": "Mannheim",
            "schema": "/v2/schemas/image",
            "size_bytes": 2361393152,
            "size_max": null,
            "size_min": null,
            "sort_direction": "asc",
            "sort_key": "name",
            "tag": null,
            "tags": [],
            "updated_at": "2020-05-06T08:05:35Z",
            "visibility": "public"
          },
          "sensitive_attributes": []
        }
      ]
    },
    {
      "mode": "managed",
      "type": "null_resource",
      "name": "softwareconfig",
      "provider": "provider[\"registry.terraform.io/hashicorp/null\"]",
      "instances": []
    },
    {
      "mode": "managed",
      "type": "openstack_networking_secgroup_rule_v2",
      "name": "mattermost-bot-api",
      "provider": "provider[\"registry.terraform.io/terraform-provider-openstack/openstack\"]",
      "instances": [
        {
          "schema_version": 0,
          "attributes": {
            "description": "Ingress api traffic allowed from the World",
            "direction": "ingress",
            "ethertype": "IPv4",
            "id": "dc06a84c-965c-42ad-bb0d-9b8676591289",
            "port_range_max": 80,
            "port_range_min": 80,
            "protocol": "tcp",
            "region": "Mannheim",
            "remote_group_id": "",
            "remote_ip_prefix": "0.0.0.0/0",
            "security_group_id": "54d1c2e9-3238-43f4-bc48-da5e02227259",
            "tenant_id": "2a2d06ea68334fe7914766dd20c38ec3",
            "timeouts": null
          },
          "sensitive_attributes": [],
          "private": "eyJlMmJmYjczMC1lY2FhLTExZTYtOGY4OC0zNDM2M2JjN2M0YzAiOnsiZGVsZXRlIjo2MDAwMDAwMDAwMDB9fQ==",
          "dependencies": [
            "openstack_networking_secgroup_v2.mattermost-server"
          ]
        }
      ]
    },
    {
      "mode": "managed",
      "type": "openstack_networking_secgroup_v2",
      "name": "mattermost-server",
      "provider": "provider[\"registry.terraform.io/terraform-provider-openstack/openstack\"]",
      "instances": [
        {
          "schema_version": 0,
          "attributes": {
            "all_tags": [],
            "delete_default_rules": null,
            "description": "mattermost-bots open 80",
            "id": "54d1c2e9-3238-43f4-bc48-da5e02227259",
            "name": "mattermost-bots",
            "region": "Mannheim",
            "tags": null,
            "tenant_id": "2a2d06ea68334fe7914766dd20c38ec3",
            "timeouts": null
          },
          "sensitive_attributes": [],
          "private": "eyJlMmJmYjczMC1lY2FhLTExZTYtOGY4OC0zNDM2M2JjN2M0YzAiOnsiZGVsZXRlIjo2MDAwMDAwMDAwMDB9fQ=="
        }
      ]
    }
  ]
}
